
Microsoft Visual Studio Solution File, Format Version 12.00
# Visual Studio Version 17
VisualStudioVersion = 17.12.35707.178 d17.12
MinimumVisualStudioVersion = 10.0.40219.1
Project("{FAE04EC0-301F-11D3-BF4B-00C04F79EFBC}") = "Syncfusion3Components", "Syncfusion3Components\Syncfusion3Components.csproj", "{395A22C0-D73F-46CB-AD66-B707A0B75379}"
EndProject
Project("{FAE04EC0-301F-11D3-BF4B-00C04F79EFBC}") = "MvcAPI", "MvcAPI\MvcAPI.csproj", "{EB2E30A3-C246-468F-A1DD-3DFDD6A16AC8}"
EndProject
Global
	GlobalSection(SolutionConfigurationPlatforms) = preSolution
		Debug|Any CPU = Debug|Any CPU
		Release|Any CPU = Release|Any CPU
	EndGlobalSection
	GlobalSection(ProjectConfigurationPlatforms) = postSolution
		{395A22C0-D73F-46CB-AD66-B707A0B75379}.Debug|Any CPU.ActiveCfg = Debug|Any CPU
		{395A22C0-D73F-46CB-AD66-B707A0B75379}.Debug|Any CPU.Build.0 = Debug|Any CPU
		{395A22C0-D73F-46CB-AD66-B707A0B75379}.Release|Any CPU.ActiveCfg = Release|Any CPU
		{395A22C0-D73F-46CB-AD66-B707A0B75379}.Release|Any CPU.Build.0 = Release|Any CPU
		{EB2E30A3-C246-468F-A1DD-3DFDD6A16AC8}.Debug|Any CPU.ActiveCfg = Debug|Any CPU
		{EB2E30A3-C246-468F-A1DD-3DFDD6A16AC8}.Debug|Any CPU.Build.0 = Debug|Any CPU
		{EB2E30A3-C246-468F-A1DD-3DFDD6A16AC8}.Release|Any CPU.ActiveCfg = Release|Any CPU
		{EB2E30A3-C246-468F-A1DD-3DFDD6A16AC8}.Release|Any CPU.Build.0 = Release|Any CPU
	EndGlobalSection
	GlobalSection(SolutionProperties) = preSolution
		HideSolutionNode = FALSE
	EndGlobalSection
EndGlobal
